
Microsoft Visual Studio Solution File, Format Version 12.00
# Visual Studio Version 17
VisualStudioVersion = 17.13.35931.197 d17.13
MinimumVisualStudioVersion = 10.0.40219.1
Project("{FAE04EC0-301F-11D3-BF4B-00C04F79EFBC}") = "jcorreaS6", "jcorreaS6.csproj", "{66054D38-11F1-4B01-9F3B-EE82FBCA9DDC}"
EndProject
Global
	GlobalSection(SolutionConfigurationPlatforms) = preSolution
		Debug|Any CPU = Debug|Any CPU
		Release|Any CPU = Release|Any CPU
	EndGlobalSection
	GlobalSection(ProjectConfigurationPlatforms) = postSolution
		{66054D38-11F1-4B01-9F3B-EE82FBCA9DDC}.Debug|Any CPU.ActiveCfg = Debug|Any CPU
		{66054D38-11F1-4B01-9F3B-EE82FBCA9DDC}.Debug|Any CPU.Build.0 = Debug|Any CPU
		{66054D38-11F1-4B01-9F3B-EE82FBCA9DDC}.Release|Any CPU.ActiveCfg = Release|Any CPU
		{66054D38-11F1-4B01-9F3B-EE82FBCA9DDC}.Release|Any CPU.Build.0 = Release|Any CPU
	EndGlobalSection
	GlobalSection(SolutionProperties) = preSolution
		HideSolutionNode = FALSE
	EndGlobalSection
	GlobalSection(ExtensibilityGlobals) = postSolution
		SolutionGuid = {44B0A87D-75DB-4B25-A133-A6CF05FDF1F6}
	EndGlobalSection
EndGlobal
